
Microsoft Visual Studio Solution File, Format Version 12.00
# Visual Studio 2013
VisualStudioVersion = 12.0.30501.0
MinimumVisualStudioVersion = 10.0.40219.1
Project("{FAE04EC0-301F-11D3-BF4B-00C04F79EFBC}") = "uppgift_3a", "uppgift_3a\uppgift_3a.csproj", "{5BBE6426-4995-423B-8178-CA7479BA89D1}"
EndProject
Global
	GlobalSection(SolutionConfigurationPlatforms) = preSolution
		Debug|Any CPU = Debug|Any CPU
		Release|Any CPU = Release|Any CPU
	EndGlobalSection
	GlobalSection(ProjectConfigurationPlatforms) = postSolution
		{5BBE6426-4995-423B-8178-CA7479BA89D1}.Debug|Any CPU.ActiveCfg = Debug|Any CPU
		{5BBE6426-4995-423B-8178-CA7479BA89D1}.Debug|Any CPU.Build.0 = Debug|Any CPU
		{5BBE6426-4995-423B-8178-CA7479BA89D1}.Release|Any CPU.ActiveCfg = Release|Any CPU
		{5BBE6426-4995-423B-8178-CA7479BA89D1}.Release|Any CPU.Build.0 = Release|Any CPU
	EndGlobalSection
	GlobalSection(SolutionProperties) = preSolution
		HideSolutionNode = FALSE
	EndGlobalSection
EndGlobal
